
Microsoft Visual Studio Solution File, Format Version 12.00
# Visual Studio Version 17
VisualStudioVersion = 17.2.32630.192
MinimumVisualStudioVersion = 10.0.40219.1
Project("{9A19103F-16F7-4668-BE54-9A1E7A4F7556}") = "Models", "Models\Models.csproj", "{731AF15C-6279-4E4C-8DB2-C70002EEB653}"
EndProject
Project("{9A19103F-16F7-4668-BE54-9A1E7A4F7556}") = "XACTAS.WPF", "XACTAS.WPF\XACTAS.WPF.csproj", "{4EEC52C0-BE26-40F8-8B43-A5857DA465DE}"
EndProject
Project("{9A19103F-16F7-4668-BE54-9A1E7A4F7556}") = "XACTAS.WEB", "XACTAS.WEB\XACTAS.WEB.csproj", "{E58B2AA6-0B20-4615-880C-53E4B3AEBEC8}"
EndProject
Project("{2150E333-8FDC-42A3-9474-1A3956D46DE8}") = "Solution Items", "Solution Items", "{0E3655BA-A19C-47EC-A3E3-C2D49E5D221D}"
	ProjectSection(SolutionItems) = preProject
		setup.iss = setup.iss
	EndProjectSection
EndProject
Project("{FAE04EC0-301F-11D3-BF4B-00C04F79EFBC}") = "XACTAS.MAC", "XACTAS.MAC\XACTAS.MAC.csproj", "{46B9C5EB-A8C8-4C18-89B0-6DE6B2B5D268}"
EndProject
Global
	GlobalSection(SolutionConfigurationPlatforms) = preSolution
		All|Any CPU = All|Any CPU
		All|x64 = All|x64
		Debug|Any CPU = Debug|Any CPU
		Debug|x64 = Debug|x64
		DefaultBuild|Any CPU = DefaultBuild|Any CPU
		DefaultBuild|x64 = DefaultBuild|x64
		Release|Any CPU = Release|Any CPU
		Release|x64 = Release|x64
	EndGlobalSection
	GlobalSection(ProjectConfigurationPlatforms) = postSolution
		{731AF15C-6279-4E4C-8DB2-C70002EEB653}.All|Any CPU.ActiveCfg = Release|Any CPU
		{731AF15C-6279-4E4C-8DB2-C70002EEB653}.All|Any CPU.Build.0 = Release|Any CPU
		{731AF15C-6279-4E4C-8DB2-C70002EEB653}.All|x64.ActiveCfg = Release|x64
		{731AF15C-6279-4E4C-8DB2-C70002EEB653}.All|x64.Build.0 = Release|x64
		{731AF15C-6279-4E4C-8DB2-C70002EEB653}.Debug|Any CPU.ActiveCfg = Debug|Any CPU
		{731AF15C-6279-4E4C-8DB2-C70002EEB653}.Debug|Any CPU.Build.0 = Debug|Any CPU
		{731AF15C-6279-4E4C-8DB2-C70002EEB653}.Debug|x64.ActiveCfg = Debug|x64
		{731AF15C-6279-4E4C-8DB2-C70002EEB653}.Debug|x64.Build.0 = Debug|x64
		{731AF15C-6279-4E4C-8DB2-C70002EEB653}.DefaultBuild|Any CPU.ActiveCfg = Debug|Any CPU
		{731AF15C-6279-4E4C-8DB2-C70002EEB653}.DefaultBuild|Any CPU.Build.0 = Debug|Any CPU
		{731AF15C-6279-4E4C-8DB2-C70002EEB653}.DefaultBuild|x64.ActiveCfg = Debug|x64
		{731AF15C-6279-4E4C-8DB2-C70002EEB653}.DefaultBuild|x64.Build.0 = Debug|x64
		{731AF15C-6279-4E4C-8DB2-C70002EEB653}.Release|Any CPU.ActiveCfg = Release|Any CPU
		{731AF15C-6279-4E4C-8DB2-C70002EEB653}.Release|Any CPU.Build.0 = Release|Any CPU
		{731AF15C-6279-4E4C-8DB2-C70002EEB653}.Release|x64.ActiveCfg = Release|x64
		{731AF15C-6279-4E4C-8DB2-C70002EEB653}.Release|x64.Build.0 = Release|x64
		{4EEC52C0-BE26-40F8-8B43-A5857DA465DE}.All|Any CPU.ActiveCfg = Release|Any CPU
		{4EEC52C0-BE26-40F8-8B43-A5857DA465DE}.All|Any CPU.Build.0 = Release|Any CPU
		{4EEC52C0-BE26-40F8-8B43-A5857DA465DE}.All|x64.ActiveCfg = Release|x64
		{4EEC52C0-BE26-40F8-8B43-A5857DA465DE}.All|x64.Build.0 = Release|x64
		{4EEC52C0-BE26-40F8-8B43-A5857DA465DE}.Debug|Any CPU.ActiveCfg = Debug|Any CPU
		{4EEC52C0-BE26-40F8-8B43-A5857DA465DE}.Debug|Any CPU.Build.0 = Debug|Any CPU
		{4EEC52C0-BE26-40F8-8B43-A5857DA465DE}.Debug|x64.ActiveCfg = Debug|x64
		{4EEC52C0-BE26-40F8-8B43-A5857DA465DE}.Debug|x64.Build.0 = Debug|x64
		{4EEC52C0-BE26-40F8-8B43-A5857DA465DE}.DefaultBuild|Any CPU.ActiveCfg = Debug|Any CPU
		{4EEC52C0-BE26-40F8-8B43-A5857DA465DE}.DefaultBuild|Any CPU.Build.0 = Debug|Any CPU
		{4EEC52C0-BE26-40F8-8B43-A5857DA465DE}.DefaultBuild|x64.ActiveCfg = Debug|x64
		{4EEC52C0-BE26-40F8-8B43-A5857DA465DE}.DefaultBuild|x64.Build.0 = Debug|x64
		{4EEC52C0-BE26-40F8-8B43-A5857DA465DE}.Release|Any CPU.ActiveCfg = Release|Any CPU
		{4EEC52C0-BE26-40F8-8B43-A5857DA465DE}.Release|Any CPU.Build.0 = Release|Any CPU
		{4EEC52C0-BE26-40F8-8B43-A5857DA465DE}.Release|x64.ActiveCfg = Release|x64
		{4EEC52C0-BE26-40F8-8B43-A5857DA465DE}.Release|x64.Build.0 = Release|x64
		{E58B2AA6-0B20-4615-880C-53E4B3AEBEC8}.All|Any CPU.ActiveCfg = Release|Any CPU
		{E58B2AA6-0B20-4615-880C-53E4B3AEBEC8}.All|Any CPU.Build.0 = Release|Any CPU
		{E58B2AA6-0B20-4615-880C-53E4B3AEBEC8}.All|x64.ActiveCfg = Release|x64
		{E58B2AA6-0B20-4615-880C-53E4B3AEBEC8}.All|x64.Build.0 = Release|x64
		{E58B2AA6-0B20-4615-880C-53E4B3AEBEC8}.Debug|Any CPU.ActiveCfg = Debug|Any CPU
		{E58B2AA6-0B20-4615-880C-53E4B3AEBEC8}.Debug|Any CPU.Build.0 = Debug|Any CPU
		{E58B2AA6-0B20-4615-880C-53E4B3AEBEC8}.Debug|x64.ActiveCfg = Debug|x64
		{E58B2AA6-0B20-4615-880C-53E4B3AEBEC8}.Debug|x64.Build.0 = Debug|x64
		{E58B2AA6-0B20-4615-880C-53E4B3AEBEC8}.DefaultBuild|Any CPU.ActiveCfg = Debug|Any CPU
		{E58B2AA6-0B20-4615-880C-53E4B3AEBEC8}.DefaultBuild|Any CPU.Build.0 = Debug|Any CPU
		{E58B2AA6-0B20-4615-880C-53E4B3AEBEC8}.DefaultBuild|x64.ActiveCfg = Debug|x64
		{E58B2AA6-0B20-4615-880C-53E4B3AEBEC8}.DefaultBuild|x64.Build.0 = Debug|x64
		{E58B2AA6-0B20-4615-880C-53E4B3AEBEC8}.Release|Any CPU.ActiveCfg = Release|Any CPU
		{E58B2AA6-0B20-4615-880C-53E4B3AEBEC8}.Release|Any CPU.Build.0 = Release|Any CPU
		{E58B2AA6-0B20-4615-880C-53E4B3AEBEC8}.Release|x64.ActiveCfg = Release|x64
		{E58B2AA6-0B20-4615-880C-53E4B3AEBEC8}.Release|x64.Build.0 = Release|x64
		{46B9C5EB-A8C8-4C18-89B0-6DE6B2B5D268}.All|Any CPU.ActiveCfg = Release|Any CPU
		{46B9C5EB-A8C8-4C18-89B0-6DE6B2B5D268}.All|Any CPU.Build.0 = Release|Any CPU
		{46B9C5EB-A8C8-4C18-89B0-6DE6B2B5D268}.All|x64.ActiveCfg = Release|Any CPU
		{46B9C5EB-A8C8-4C18-89B0-6DE6B2B5D268}.All|x64.Build.0 = Release|Any CPU
		{46B9C5EB-A8C8-4C18-89B0-6DE6B2B5D268}.Debug|Any CPU.ActiveCfg = Debug|Any CPU
		{46B9C5EB-A8C8-4C18-89B0-6DE6B2B5D268}.Debug|Any CPU.Build.0 = Debug|Any CPU
		{46B9C5EB-A8C8-4C18-89B0-6DE6B2B5D268}.Debug|x64.ActiveCfg = Debug|Any CPU
		{46B9C5EB-A8C8-4C18-89B0-6DE6B2B5D268}.Debug|x64.Build.0 = Debug|Any CPU
		{46B9C5EB-A8C8-4C18-89B0-6DE6B2B5D268}.DefaultBuild|Any CPU.ActiveCfg = Debug|Any CPU
		{46B9C5EB-A8C8-4C18-89B0-6DE6B2B5D268}.DefaultBuild|Any CPU.Build.0 = Debug|Any CPU
		{46B9C5EB-A8C8-4C18-89B0-6DE6B2B5D268}.DefaultBuild|x64.ActiveCfg = Debug|Any CPU
		{46B9C5EB-A8C8-4C18-89B0-6DE6B2B5D268}.DefaultBuild|x64.Build.0 = Debug|Any CPU
		{46B9C5EB-A8C8-4C18-89B0-6DE6B2B5D268}.Release|Any CPU.ActiveCfg = Release|Any CPU
		{46B9C5EB-A8C8-4C18-89B0-6DE6B2B5D268}.Release|Any CPU.Build.0 = Release|Any CPU
		{46B9C5EB-A8C8-4C18-89B0-6DE6B2B5D268}.Release|x64.ActiveCfg = Release|Any CPU
		{46B9C5EB-A8C8-4C18-89B0-6DE6B2B5D268}.Release|x64.Build.0 = Release|Any CPU
	EndGlobalSection
	GlobalSection(SolutionProperties) = preSolution
		HideSolutionNode = FALSE
	EndGlobalSection
	GlobalSection(ExtensibilityGlobals) = postSolution
		SolutionGuid = {D5E9CE44-DB4B-42A4-A1E4-7B028B36CA18}
	EndGlobalSection
EndGlobal
